github.com/cryptoballot/fdh v0.0.0-20170924224734-5eb31ce2010c h1:habgwvtC2G/hgK7TUV7sPmGe43OIqAr0aKUuD4X4D7s=
github.com/cryptoballot/fdh v0.0.0-20170924224734-5eb31ce2010c/go.mod h1:5pBX/BVsUUknnixeKb1/q20aCjY7Ig5C3LcCrwTSWoU=
github.com/cryptoballot/rsablind v0.0.0-20170925165423-14f9913880b7 h1:zkd3AG8n/WAUxTIy5DKd22U8oQGDpbaCsaRKewdxnxQ=
github.com/cryptoballot/rsablind v0.0.0-20170925165423-14f9913880b7/go.mod h1:Jkrm3gC2eNL7k0K6wlLehI7CHiZVUCZ/cu5xT1aDNb4=
